
Microsoft Visual Studio Solution File, Format Version 12.00
# Visual Studio Version 16
VisualStudioVersion = 16.0.29209.62
MinimumVisualStudioVersion = 10.0.40219.1
Project("{FAE04EC0-301F-11D3-BF4B-00C04F79EFBC}") = "AccuWeatherApp", "AccuWeatherApp.csproj", "{1CD5836F-D917-466E-B98E-73DFAFBBB063}"
EndProject
Global
	GlobalSection(SolutionConfigurationPlatforms) = preSolution
		Debug|Any CPU = Debug|Any CPU
		Release|Any CPU = Release|Any CPU
	EndGlobalSection
	GlobalSection(ProjectConfigurationPlatforms) = postSolution
		{1CD5836F-D917-466E-B98E-73DFAFBBB063}.Debug|Any CPU.ActiveCfg = Debug|Any CPU
		{1CD5836F-D917-466E-B98E-73DFAFBBB063}.Debug|Any CPU.Build.0 = Debug|Any CPU
		{1CD5836F-D917-466E-B98E-73DFAFBBB063}.Release|Any CPU.ActiveCfg = Release|Any CPU
		{1CD5836F-D917-466E-B98E-73DFAFBBB063}.Release|Any CPU.Build.0 = Release|Any CPU
	EndGlobalSection
	GlobalSection(SolutionProperties) = preSolution
		HideSolutionNode = FALSE
	EndGlobalSection
	GlobalSection(ExtensibilityGlobals) = postSolution
		SolutionGuid = {006DDB2D-9624-49DC-977E-3D495B2FEBCD}
	EndGlobalSection
EndGlobal
